
Microsoft Visual Studio Solution File, Format Version 12.00
# Visual Studio Version 17
VisualStudioVersion = 17.3.32901.215
MinimumVisualStudioVersion = 10.0.40219.1
Project("{888888A0-9F3D-457C-B088-3A5042F75D52}") = "import work", "import work\import work.pyproj", "{B03AC233-399A-43AD-BC06-C185358CCFE8}"
EndProject
Global
	GlobalSection(SolutionConfigurationPlatforms) = preSolution
		Debug|Any CPU = Debug|Any CPU
		Release|Any CPU = Release|Any CPU
	EndGlobalSection
	GlobalSection(ProjectConfigurationPlatforms) = postSolution
		{B03AC233-399A-43AD-BC06-C185358CCFE8}.Debug|Any CPU.ActiveCfg = Debug|Any CPU
		{B03AC233-399A-43AD-BC06-C185358CCFE8}.Release|Any CPU.ActiveCfg = Release|Any CPU
	EndGlobalSection
	GlobalSection(SolutionProperties) = preSolution
		HideSolutionNode = FALSE
	EndGlobalSection
	GlobalSection(ExtensibilityGlobals) = postSolution
		SolutionGuid = {4E2FB624-64F7-4121-9DB9-B4E94C3676AB}
	EndGlobalSection
EndGlobal
