
Microsoft Visual Studio Solution File, Format Version 12.00
# Visual Studio Version 17
VisualStudioVersion = 17.3.32901.215
MinimumVisualStudioVersion = 10.0.40219.1
Project("{888888A0-9F3D-457C-B088-3A5042F75D52}") = "class warm up code", "class warm up code\class warm up code.pyproj", "{F62F9F38-2B77-4C0B-BABB-6A0542E5CBCD}"
EndProject
Global
	GlobalSection(SolutionConfigurationPlatforms) = preSolution
		Debug|Any CPU = Debug|Any CPU
		Release|Any CPU = Release|Any CPU
	EndGlobalSection
	GlobalSection(ProjectConfigurationPlatforms) = postSolution
		{F62F9F38-2B77-4C0B-BABB-6A0542E5CBCD}.Debug|Any CPU.ActiveCfg = Debug|Any CPU
		{F62F9F38-2B77-4C0B-BABB-6A0542E5CBCD}.Release|Any CPU.ActiveCfg = Release|Any CPU
	EndGlobalSection
	GlobalSection(SolutionProperties) = preSolution
		HideSolutionNode = FALSE
	EndGlobalSection
	GlobalSection(ExtensibilityGlobals) = postSolution
		SolutionGuid = {C065C3E8-5898-4E11-8CA3-0502F57EE5DC}
	EndGlobalSection
EndGlobal
