
Microsoft Visual Studio Solution File, Format Version 12.00
# Visual Studio Version 17
VisualStudioVersion = 17.3.32901.215
MinimumVisualStudioVersion = 10.0.40219.1
Project("{888888A0-9F3D-457C-B088-3A5042F75D52}") = "Database", "Database.pyproj", "{70204DE0-71E4-4B37-959E-A6845F200F76}"
EndProject
Global
	GlobalSection(SolutionConfigurationPlatforms) = preSolution
		Debug|Any CPU = Debug|Any CPU
		Release|Any CPU = Release|Any CPU
	EndGlobalSection
	GlobalSection(ProjectConfigurationPlatforms) = postSolution
		{70204DE0-71E4-4B37-959E-A6845F200F76}.Debug|Any CPU.ActiveCfg = Debug|Any CPU
		{70204DE0-71E4-4B37-959E-A6845F200F76}.Release|Any CPU.ActiveCfg = Release|Any CPU
	EndGlobalSection
	GlobalSection(SolutionProperties) = preSolution
		HideSolutionNode = FALSE
	EndGlobalSection
	GlobalSection(ExtensibilityGlobals) = postSolution
		SolutionGuid = {39C5D05A-BD31-4288-A02F-F88B38017F4C}
	EndGlobalSection
EndGlobal
