
Microsoft Visual Studio Solution File, Format Version 12.00
# Visual Studio Version 17
VisualStudioVersion = 17.3.32922.545
MinimumVisualStudioVersion = 10.0.40219.1
Project("{888888A0-9F3D-457C-B088-3A5042F75D52}") = "PythonApplication23", "PythonApplication23\PythonApplication23.pyproj", "{66EE6928-76C7-4145-9FCF-DF703A680993}"
EndProject
Global
	GlobalSection(SolutionConfigurationPlatforms) = preSolution
		Debug|Any CPU = Debug|Any CPU
		Release|Any CPU = Release|Any CPU
	EndGlobalSection
	GlobalSection(ProjectConfigurationPlatforms) = postSolution
		{66EE6928-76C7-4145-9FCF-DF703A680993}.Debug|Any CPU.ActiveCfg = Debug|Any CPU
		{66EE6928-76C7-4145-9FCF-DF703A680993}.Release|Any CPU.ActiveCfg = Release|Any CPU
	EndGlobalSection
	GlobalSection(SolutionProperties) = preSolution
		HideSolutionNode = FALSE
	EndGlobalSection
	GlobalSection(ExtensibilityGlobals) = postSolution
		SolutionGuid = {E081B4AC-A29C-4229-BABA-2BED68B371DD}
	EndGlobalSection
EndGlobal
