
Microsoft Visual Studio Solution File, Format Version 12.00
# Visual Studio Version 17
VisualStudioVersion = 17.3.32929.385
MinimumVisualStudioVersion = 10.0.40219.1
Project("{888888A0-9F3D-457C-B088-3A5042F75D52}") = "tictactoe", "tictactoe\tictactoe.pyproj", "{13CF4DD4-F5AD-446F-B1BC-BEBFEAC3AF5D}"
EndProject
Global
	GlobalSection(SolutionConfigurationPlatforms) = preSolution
		Debug|Any CPU = Debug|Any CPU
		Release|Any CPU = Release|Any CPU
	EndGlobalSection
	GlobalSection(ProjectConfigurationPlatforms) = postSolution
		{13CF4DD4-F5AD-446F-B1BC-BEBFEAC3AF5D}.Debug|Any CPU.ActiveCfg = Debug|Any CPU
		{13CF4DD4-F5AD-446F-B1BC-BEBFEAC3AF5D}.Release|Any CPU.ActiveCfg = Release|Any CPU
	EndGlobalSection
	GlobalSection(SolutionProperties) = preSolution
		HideSolutionNode = FALSE
	EndGlobalSection
	GlobalSection(ExtensibilityGlobals) = postSolution
		SolutionGuid = {F7D1EAC6-28AA-4D81-8A56-11F1437D1531}
	EndGlobalSection
EndGlobal
