
Microsoft Visual Studio Solution File, Format Version 12.00
# Visual Studio Version 17
VisualStudioVersion = 17.3.32922.545
MinimumVisualStudioVersion = 10.0.40219.1
Project("{888888A0-9F3D-457C-B088-3A5042F75D52}") = "PythonApplication16", "PythonApplication16\PythonApplication16.pyproj", "{319EFCC3-A653-4926-A644-DDF4A382CB33}"
EndProject
Global
	GlobalSection(SolutionConfigurationPlatforms) = preSolution
		Debug|Any CPU = Debug|Any CPU
		Release|Any CPU = Release|Any CPU
	EndGlobalSection
	GlobalSection(ProjectConfigurationPlatforms) = postSolution
		{319EFCC3-A653-4926-A644-DDF4A382CB33}.Debug|Any CPU.ActiveCfg = Debug|Any CPU
		{319EFCC3-A653-4926-A644-DDF4A382CB33}.Release|Any CPU.ActiveCfg = Release|Any CPU
	EndGlobalSection
	GlobalSection(SolutionProperties) = preSolution
		HideSolutionNode = FALSE
	EndGlobalSection
	GlobalSection(ExtensibilityGlobals) = postSolution
		SolutionGuid = {66574E62-8787-4D0E-9659-F5066B88C01A}
	EndGlobalSection
EndGlobal
