
Microsoft Visual Studio Solution File, Format Version 12.00
# Visual Studio Version 17
VisualStudioVersion = 17.3.32901.215
MinimumVisualStudioVersion = 10.0.40219.1
Project("{888888A0-9F3D-457C-B088-3A5042F75D52}") = "PythonApplication10", "PythonApplication10\PythonApplication10.pyproj", "{D6E93B46-6F31-4265-80BE-6ABC890798E4}"
EndProject
Global
	GlobalSection(SolutionConfigurationPlatforms) = preSolution
		Debug|Any CPU = Debug|Any CPU
		Release|Any CPU = Release|Any CPU
	EndGlobalSection
	GlobalSection(ProjectConfigurationPlatforms) = postSolution
		{D6E93B46-6F31-4265-80BE-6ABC890798E4}.Debug|Any CPU.ActiveCfg = Debug|Any CPU
		{D6E93B46-6F31-4265-80BE-6ABC890798E4}.Release|Any CPU.ActiveCfg = Release|Any CPU
	EndGlobalSection
	GlobalSection(SolutionProperties) = preSolution
		HideSolutionNode = FALSE
	EndGlobalSection
	GlobalSection(ExtensibilityGlobals) = postSolution
		SolutionGuid = {7812E7CB-FDFF-4638-8956-A60D862E53EF}
	EndGlobalSection
EndGlobal
