
Microsoft Visual Studio Solution File, Format Version 12.00
# Visual Studio Version 17
VisualStudioVersion = 17.3.32922.545
MinimumVisualStudioVersion = 10.0.40219.1
Project("{888888A0-9F3D-457C-B088-3A5042F75D52}") = "PythonApplication25", "PythonApplication25\PythonApplication25.pyproj", "{BA9FA18F-3485-43B2-AE5C-D74CF9A076E6}"
EndProject
Global
	GlobalSection(SolutionConfigurationPlatforms) = preSolution
		Debug|Any CPU = Debug|Any CPU
		Release|Any CPU = Release|Any CPU
	EndGlobalSection
	GlobalSection(ProjectConfigurationPlatforms) = postSolution
		{BA9FA18F-3485-43B2-AE5C-D74CF9A076E6}.Debug|Any CPU.ActiveCfg = Debug|Any CPU
		{BA9FA18F-3485-43B2-AE5C-D74CF9A076E6}.Release|Any CPU.ActiveCfg = Release|Any CPU
	EndGlobalSection
	GlobalSection(SolutionProperties) = preSolution
		HideSolutionNode = FALSE
	EndGlobalSection
	GlobalSection(ExtensibilityGlobals) = postSolution
		SolutionGuid = {ACB16927-55D4-4F9C-A57E-D701C706A3CE}
	EndGlobalSection
EndGlobal
