
Microsoft Visual Studio Solution File, Format Version 12.00
# Visual Studio Version 17
VisualStudioVersion = 17.3.32901.215
MinimumVisualStudioVersion = 10.0.40219.1
Project("{888888A0-9F3D-457C-B088-3A5042F75D52}") = "test_main", "test_main.pyproj", "{A74B9C2B-0F7E-4D08-98F4-8E636A6D73ED}"
EndProject
Global
	GlobalSection(SolutionConfigurationPlatforms) = preSolution
		Debug|Any CPU = Debug|Any CPU
		Release|Any CPU = Release|Any CPU
	EndGlobalSection
	GlobalSection(ProjectConfigurationPlatforms) = postSolution
		{A74B9C2B-0F7E-4D08-98F4-8E636A6D73ED}.Debug|Any CPU.ActiveCfg = Debug|Any CPU
		{A74B9C2B-0F7E-4D08-98F4-8E636A6D73ED}.Release|Any CPU.ActiveCfg = Release|Any CPU
	EndGlobalSection
	GlobalSection(SolutionProperties) = preSolution
		HideSolutionNode = FALSE
	EndGlobalSection
	GlobalSection(ExtensibilityGlobals) = postSolution
		SolutionGuid = {F0C53747-45F1-4083-8E26-082290A37FBA}
	EndGlobalSection
EndGlobal
