
Microsoft Visual Studio Solution File, Format Version 12.00
# Visual Studio Version 17
VisualStudioVersion = 17.3.32929.385
MinimumVisualStudioVersion = 10.0.40219.1
Project("{888888A0-9F3D-457C-B088-3A5042F75D52}") = "tic_tac_toe", "tic_tac_toe\tic_tac_toe.pyproj", "{8D576569-6630-42E0-B864-F2F668ABBC6C}"
EndProject
Global
	GlobalSection(SolutionConfigurationPlatforms) = preSolution
		Debug|Any CPU = Debug|Any CPU
		Release|Any CPU = Release|Any CPU
	EndGlobalSection
	GlobalSection(ProjectConfigurationPlatforms) = postSolution
		{8D576569-6630-42E0-B864-F2F668ABBC6C}.Debug|Any CPU.ActiveCfg = Debug|Any CPU
		{8D576569-6630-42E0-B864-F2F668ABBC6C}.Release|Any CPU.ActiveCfg = Release|Any CPU
	EndGlobalSection
	GlobalSection(SolutionProperties) = preSolution
		HideSolutionNode = FALSE
	EndGlobalSection
	GlobalSection(ExtensibilityGlobals) = postSolution
		SolutionGuid = {DDF9B643-8276-495A-89A8-C61249318B12}
	EndGlobalSection
EndGlobal
