
Microsoft Visual Studio Solution File, Format Version 12.00
# Visual Studio Version 17
VisualStudioVersion = 17.3.32901.215
MinimumVisualStudioVersion = 10.0.40219.1
Project("{888888A0-9F3D-457C-B088-3A5042F75D52}") = "Advent of Code 6", "Advent of Code 6\Advent of Code 6.pyproj", "{8EAA7826-2CA5-499A-B4D7-96B5E5A4E394}"
EndProject
Global
	GlobalSection(SolutionConfigurationPlatforms) = preSolution
		Debug|Any CPU = Debug|Any CPU
		Release|Any CPU = Release|Any CPU
	EndGlobalSection
	GlobalSection(ProjectConfigurationPlatforms) = postSolution
		{8EAA7826-2CA5-499A-B4D7-96B5E5A4E394}.Debug|Any CPU.ActiveCfg = Debug|Any CPU
		{8EAA7826-2CA5-499A-B4D7-96B5E5A4E394}.Release|Any CPU.ActiveCfg = Release|Any CPU
	EndGlobalSection
	GlobalSection(SolutionProperties) = preSolution
		HideSolutionNode = FALSE
	EndGlobalSection
	GlobalSection(ExtensibilityGlobals) = postSolution
		SolutionGuid = {D404619E-CC7C-4723-BD92-F10B18CE7211}
	EndGlobalSection
EndGlobal
