
Microsoft Visual Studio Solution File, Format Version 12.00
# Visual Studio Version 17
VisualStudioVersion = 17.3.32901.215
MinimumVisualStudioVersion = 10.0.40219.1
Project("{888888A0-9F3D-457C-B088-3A5042F75D52}") = "debug", "debug.pyproj", "{E483B36C-D8E4-4447-80D8-1CEA7FAE8F76}"
EndProject
Global
	GlobalSection(SolutionConfigurationPlatforms) = preSolution
		Debug|Any CPU = Debug|Any CPU
		Release|Any CPU = Release|Any CPU
	EndGlobalSection
	GlobalSection(ProjectConfigurationPlatforms) = postSolution
		{E483B36C-D8E4-4447-80D8-1CEA7FAE8F76}.Debug|Any CPU.ActiveCfg = Debug|Any CPU
		{E483B36C-D8E4-4447-80D8-1CEA7FAE8F76}.Release|Any CPU.ActiveCfg = Release|Any CPU
	EndGlobalSection
	GlobalSection(SolutionProperties) = preSolution
		HideSolutionNode = FALSE
	EndGlobalSection
	GlobalSection(ExtensibilityGlobals) = postSolution
		SolutionGuid = {0AB76D72-AD9B-45BE-BB68-84F3AFA86F32}
	EndGlobalSection
EndGlobal
