
Microsoft Visual Studio Solution File, Format Version 12.00
# Visual Studio Version 17
VisualStudioVersion = 17.3.32922.545
MinimumVisualStudioVersion = 10.0.40219.1
Project("{888888A0-9F3D-457C-B088-3A5042F75D52}") = "game", "game\game.pyproj", "{C0753626-7629-42B2-BEEA-A75DE7132DC3}"
EndProject
Global
	GlobalSection(SolutionConfigurationPlatforms) = preSolution
		Debug|Any CPU = Debug|Any CPU
		Release|Any CPU = Release|Any CPU
	EndGlobalSection
	GlobalSection(ProjectConfigurationPlatforms) = postSolution
		{C0753626-7629-42B2-BEEA-A75DE7132DC3}.Debug|Any CPU.ActiveCfg = Debug|Any CPU
		{C0753626-7629-42B2-BEEA-A75DE7132DC3}.Release|Any CPU.ActiveCfg = Release|Any CPU
	EndGlobalSection
	GlobalSection(SolutionProperties) = preSolution
		HideSolutionNode = FALSE
	EndGlobalSection
	GlobalSection(ExtensibilityGlobals) = postSolution
		SolutionGuid = {22E17CDD-BE6A-4BEC-94A1-5909DA6A8704}
	EndGlobalSection
EndGlobal
