
Microsoft Visual Studio Solution File, Format Version 12.00
# Visual Studio Version 17
VisualStudioVersion = 17.3.32901.215
MinimumVisualStudioVersion = 10.0.40219.1
Project("{888888A0-9F3D-457C-B088-3A5042F75D52}") = "challenge", "challenge\challenge.pyproj", "{05C0DB6F-EBFF-41B8-9757-8F128C391CC7}"
EndProject
Global
	GlobalSection(SolutionConfigurationPlatforms) = preSolution
		Debug|Any CPU = Debug|Any CPU
		Release|Any CPU = Release|Any CPU
	EndGlobalSection
	GlobalSection(ProjectConfigurationPlatforms) = postSolution
		{05C0DB6F-EBFF-41B8-9757-8F128C391CC7}.Debug|Any CPU.ActiveCfg = Debug|Any CPU
		{05C0DB6F-EBFF-41B8-9757-8F128C391CC7}.Release|Any CPU.ActiveCfg = Release|Any CPU
	EndGlobalSection
	GlobalSection(SolutionProperties) = preSolution
		HideSolutionNode = FALSE
	EndGlobalSection
	GlobalSection(ExtensibilityGlobals) = postSolution
		SolutionGuid = {C78BCEA9-F7EF-40E7-AF85-0FC8E68E3E54}
	EndGlobalSection
EndGlobal
