
Microsoft Visual Studio Solution File, Format Version 12.00
# Visual Studio Version 17
VisualStudioVersion = 17.3.32901.215
MinimumVisualStudioVersion = 10.0.40219.1
Project("{888888A0-9F3D-457C-B088-3A5042F75D52}") = "Ciphers", "Ciphers\Ciphers.pyproj", "{24634BFD-2BE3-4D31-B31E-BFF07E11E12D}"
EndProject
Global
	GlobalSection(SolutionConfigurationPlatforms) = preSolution
		Debug|Any CPU = Debug|Any CPU
		Release|Any CPU = Release|Any CPU
	EndGlobalSection
	GlobalSection(ProjectConfigurationPlatforms) = postSolution
		{24634BFD-2BE3-4D31-B31E-BFF07E11E12D}.Debug|Any CPU.ActiveCfg = Debug|Any CPU
		{24634BFD-2BE3-4D31-B31E-BFF07E11E12D}.Release|Any CPU.ActiveCfg = Release|Any CPU
	EndGlobalSection
	GlobalSection(SolutionProperties) = preSolution
		HideSolutionNode = FALSE
	EndGlobalSection
	GlobalSection(ExtensibilityGlobals) = postSolution
		SolutionGuid = {C9DC5FC1-FC1A-410A-BDB6-588889B5999D}
	EndGlobalSection
EndGlobal
