
Microsoft Visual Studio Solution File, Format Version 12.00
# Visual Studio Version 17
VisualStudioVersion = 17.3.32901.215
MinimumVisualStudioVersion = 10.0.40219.1
Project("{888888A0-9F3D-457C-B088-3A5042F75D52}") = "Python text game", "Python text game\Python text game.pyproj", "{8D48E302-3B22-4BAD-9356-667FE9016E78}"
EndProject
Global
	GlobalSection(SolutionConfigurationPlatforms) = preSolution
		Debug|Any CPU = Debug|Any CPU
		Release|Any CPU = Release|Any CPU
	EndGlobalSection
	GlobalSection(ProjectConfigurationPlatforms) = postSolution
		{8D48E302-3B22-4BAD-9356-667FE9016E78}.Debug|Any CPU.ActiveCfg = Debug|Any CPU
		{8D48E302-3B22-4BAD-9356-667FE9016E78}.Release|Any CPU.ActiveCfg = Release|Any CPU
	EndGlobalSection
	GlobalSection(SolutionProperties) = preSolution
		HideSolutionNode = FALSE
	EndGlobalSection
	GlobalSection(ExtensibilityGlobals) = postSolution
		SolutionGuid = {7AF556CD-352D-468D-9D97-3991C07D01DC}
	EndGlobalSection
EndGlobal
