
Microsoft Visual Studio Solution File, Format Version 12.00
# Visual Studio Version 17
VisualStudioVersion = 17.3.32901.215
MinimumVisualStudioVersion = 10.0.40219.1
Project("{888888A0-9F3D-457C-B088-3A5042F75D52}") = "hndjs", "hndjs\hndjs.pyproj", "{31F58DF6-D7D4-4AB8-99E2-B8E5982571E5}"
EndProject
Global
	GlobalSection(SolutionConfigurationPlatforms) = preSolution
		Debug|Any CPU = Debug|Any CPU
		Release|Any CPU = Release|Any CPU
	EndGlobalSection
	GlobalSection(ProjectConfigurationPlatforms) = postSolution
		{31F58DF6-D7D4-4AB8-99E2-B8E5982571E5}.Debug|Any CPU.ActiveCfg = Debug|Any CPU
		{31F58DF6-D7D4-4AB8-99E2-B8E5982571E5}.Release|Any CPU.ActiveCfg = Release|Any CPU
	EndGlobalSection
	GlobalSection(SolutionProperties) = preSolution
		HideSolutionNode = FALSE
	EndGlobalSection
	GlobalSection(ExtensibilityGlobals) = postSolution
		SolutionGuid = {228704F1-09D3-4797-B059-B7067E44E12D}
	EndGlobalSection
EndGlobal
