
Microsoft Visual Studio Solution File, Format Version 12.00
# Visual Studio Version 17
VisualStudioVersion = 17.3.32922.545
MinimumVisualStudioVersion = 10.0.40219.1
Project("{888888A0-9F3D-457C-B088-3A5042F75D52}") = "task", "task\task.pyproj", "{EB71C342-27BB-47A3-A2F5-A946F1EDC0D9}"
EndProject
Global
	GlobalSection(SolutionConfigurationPlatforms) = preSolution
		Debug|Any CPU = Debug|Any CPU
		Release|Any CPU = Release|Any CPU
	EndGlobalSection
	GlobalSection(ProjectConfigurationPlatforms) = postSolution
		{EB71C342-27BB-47A3-A2F5-A946F1EDC0D9}.Debug|Any CPU.ActiveCfg = Debug|Any CPU
		{EB71C342-27BB-47A3-A2F5-A946F1EDC0D9}.Release|Any CPU.ActiveCfg = Release|Any CPU
	EndGlobalSection
	GlobalSection(SolutionProperties) = preSolution
		HideSolutionNode = FALSE
	EndGlobalSection
	GlobalSection(ExtensibilityGlobals) = postSolution
		SolutionGuid = {164D07C6-E2C6-4CAF-8234-3A86C56CAF9A}
	EndGlobalSection
EndGlobal
