
Microsoft Visual Studio Solution File, Format Version 12.00
# Visual Studio Version 17
VisualStudioVersion = 17.3.32901.215
MinimumVisualStudioVersion = 10.0.40219.1
Project("{888888A0-9F3D-457C-B088-3A5042F75D52}") = "Tkinter", "Tkinter.pyproj", "{80F5F54A-9769-457A-A193-CC9A4440F7F1}"
EndProject
Global
	GlobalSection(SolutionConfigurationPlatforms) = preSolution
		Debug|Any CPU = Debug|Any CPU
		Release|Any CPU = Release|Any CPU
	EndGlobalSection
	GlobalSection(ProjectConfigurationPlatforms) = postSolution
		{80F5F54A-9769-457A-A193-CC9A4440F7F1}.Debug|Any CPU.ActiveCfg = Debug|Any CPU
		{80F5F54A-9769-457A-A193-CC9A4440F7F1}.Release|Any CPU.ActiveCfg = Release|Any CPU
	EndGlobalSection
	GlobalSection(SolutionProperties) = preSolution
		HideSolutionNode = FALSE
	EndGlobalSection
	GlobalSection(ExtensibilityGlobals) = postSolution
		SolutionGuid = {E06B2B17-7E3C-4DE9-9C7B-2496A31B898C}
	EndGlobalSection
EndGlobal
