
Microsoft Visual Studio Solution File, Format Version 12.00
# Visual Studio Version 17
VisualStudioVersion = 17.3.32901.215
MinimumVisualStudioVersion = 10.0.40219.1
Project("{888888A0-9F3D-457C-B088-3A5042F75D52}") = "OOP", "OOP.pyproj", "{2B7064E9-FC1B-41DA-A5BA-678B639B2CAF}"
EndProject
Global
	GlobalSection(SolutionConfigurationPlatforms) = preSolution
		Debug|Any CPU = Debug|Any CPU
		Release|Any CPU = Release|Any CPU
	EndGlobalSection
	GlobalSection(ProjectConfigurationPlatforms) = postSolution
		{2B7064E9-FC1B-41DA-A5BA-678B639B2CAF}.Debug|Any CPU.ActiveCfg = Debug|Any CPU
		{2B7064E9-FC1B-41DA-A5BA-678B639B2CAF}.Release|Any CPU.ActiveCfg = Release|Any CPU
	EndGlobalSection
	GlobalSection(SolutionProperties) = preSolution
		HideSolutionNode = FALSE
	EndGlobalSection
	GlobalSection(ExtensibilityGlobals) = postSolution
		SolutionGuid = {962155FA-B5FB-4800-9A9A-CFF08D794938}
	EndGlobalSection
EndGlobal
