
Microsoft Visual Studio Solution File, Format Version 12.00
# Visual Studio Version 17
VisualStudioVersion = 17.3.32901.215
MinimumVisualStudioVersion = 10.0.40219.1
Project("{888888A0-9F3D-457C-B088-3A5042F75D52}") = "Main", "Main\Main.pyproj", "{714EF591-F839-4905-BB42-9C2A9C48140B}"
EndProject
Global
	GlobalSection(SolutionConfigurationPlatforms) = preSolution
		Debug|Any CPU = Debug|Any CPU
		Release|Any CPU = Release|Any CPU
	EndGlobalSection
	GlobalSection(ProjectConfigurationPlatforms) = postSolution
		{714EF591-F839-4905-BB42-9C2A9C48140B}.Debug|Any CPU.ActiveCfg = Debug|Any CPU
		{714EF591-F839-4905-BB42-9C2A9C48140B}.Release|Any CPU.ActiveCfg = Release|Any CPU
	EndGlobalSection
	GlobalSection(SolutionProperties) = preSolution
		HideSolutionNode = FALSE
	EndGlobalSection
	GlobalSection(ExtensibilityGlobals) = postSolution
		SolutionGuid = {55EEA1AD-F9D1-478A-96E3-D9519FCDF572}
	EndGlobalSection
EndGlobal
