
Microsoft Visual Studio Solution File, Format Version 12.00
# Visual Studio Version 17
VisualStudioVersion = 17.3.32901.215
MinimumVisualStudioVersion = 10.0.40219.1
Project("{888888A0-9F3D-457C-B088-3A5042F75D52}") = "temp_exercise2", "temp_exercise2\temp_exercise2.pyproj", "{D0C483E5-C1CD-4E64-A403-4C840D3F61DB}"
EndProject
Global
	GlobalSection(SolutionConfigurationPlatforms) = preSolution
		Debug|Any CPU = Debug|Any CPU
		Release|Any CPU = Release|Any CPU
	EndGlobalSection
	GlobalSection(ProjectConfigurationPlatforms) = postSolution
		{D0C483E5-C1CD-4E64-A403-4C840D3F61DB}.Debug|Any CPU.ActiveCfg = Debug|Any CPU
		{D0C483E5-C1CD-4E64-A403-4C840D3F61DB}.Release|Any CPU.ActiveCfg = Release|Any CPU
	EndGlobalSection
	GlobalSection(SolutionProperties) = preSolution
		HideSolutionNode = FALSE
	EndGlobalSection
	GlobalSection(ExtensibilityGlobals) = postSolution
		SolutionGuid = {3EC5D7B9-FC9A-44E4-B720-27E9DAF5F73F}
	EndGlobalSection
EndGlobal
