
Microsoft Visual Studio Solution File, Format Version 12.00
# Visual Studio Version 17
VisualStudioVersion = 17.3.32901.215
MinimumVisualStudioVersion = 10.0.40219.1
Project("{888888A0-9F3D-457C-B088-3A5042F75D52}") = "programming warm up", "programming warm up\programming warm up.pyproj", "{58F34D3D-03D6-40E5-9781-F354B3573810}"
EndProject
Global
	GlobalSection(SolutionConfigurationPlatforms) = preSolution
		Debug|Any CPU = Debug|Any CPU
		Release|Any CPU = Release|Any CPU
	EndGlobalSection
	GlobalSection(ProjectConfigurationPlatforms) = postSolution
		{58F34D3D-03D6-40E5-9781-F354B3573810}.Debug|Any CPU.ActiveCfg = Debug|Any CPU
		{58F34D3D-03D6-40E5-9781-F354B3573810}.Release|Any CPU.ActiveCfg = Release|Any CPU
	EndGlobalSection
	GlobalSection(SolutionProperties) = preSolution
		HideSolutionNode = FALSE
	EndGlobalSection
	GlobalSection(ExtensibilityGlobals) = postSolution
		SolutionGuid = {3DAD5F61-C6B4-4804-9842-AEC078075C6A}
	EndGlobalSection
EndGlobal
