
Microsoft Visual Studio Solution File, Format Version 12.00
# Visual Studio Version 17
VisualStudioVersion = 17.3.32929.385
MinimumVisualStudioVersion = 10.0.40219.1
Project("{888888A0-9F3D-457C-B088-3A5042F75D52}") = "ceaser2", "ceaser2\ceaser2.pyproj", "{537AC3CE-0083-42A1-8B2E-C1A7344E03E2}"
EndProject
Global
	GlobalSection(SolutionConfigurationPlatforms) = preSolution
		Debug|Any CPU = Debug|Any CPU
		Release|Any CPU = Release|Any CPU
	EndGlobalSection
	GlobalSection(ProjectConfigurationPlatforms) = postSolution
		{537AC3CE-0083-42A1-8B2E-C1A7344E03E2}.Debug|Any CPU.ActiveCfg = Debug|Any CPU
		{537AC3CE-0083-42A1-8B2E-C1A7344E03E2}.Release|Any CPU.ActiveCfg = Release|Any CPU
	EndGlobalSection
	GlobalSection(SolutionProperties) = preSolution
		HideSolutionNode = FALSE
	EndGlobalSection
	GlobalSection(ExtensibilityGlobals) = postSolution
		SolutionGuid = {F620CE84-D052-417B-B7F5-BE44DCED628E}
	EndGlobalSection
EndGlobal
