
Microsoft Visual Studio Solution File, Format Version 12.00
# Visual Studio Version 17
VisualStudioVersion = 17.3.32901.215
MinimumVisualStudioVersion = 10.0.40219.1
Project("{888888A0-9F3D-457C-B088-3A5042F75D52}") = "lesson 3", "lesson 3\lesson 3.pyproj", "{0BC15712-BAE4-474A-9484-95CB5CEA9715}"
EndProject
Global
	GlobalSection(SolutionConfigurationPlatforms) = preSolution
		Debug|Any CPU = Debug|Any CPU
		Release|Any CPU = Release|Any CPU
	EndGlobalSection
	GlobalSection(ProjectConfigurationPlatforms) = postSolution
		{0BC15712-BAE4-474A-9484-95CB5CEA9715}.Debug|Any CPU.ActiveCfg = Debug|Any CPU
		{0BC15712-BAE4-474A-9484-95CB5CEA9715}.Release|Any CPU.ActiveCfg = Release|Any CPU
	EndGlobalSection
	GlobalSection(SolutionProperties) = preSolution
		HideSolutionNode = FALSE
	EndGlobalSection
	GlobalSection(ExtensibilityGlobals) = postSolution
		SolutionGuid = {01124672-ACB5-412B-8A04-DD3CAA2421F7}
	EndGlobalSection
EndGlobal
