
Microsoft Visual Studio Solution File, Format Version 12.00
# Visual Studio Version 17
VisualStudioVersion = 17.3.32901.215
MinimumVisualStudioVersion = 10.0.40219.1
Project("{888888A0-9F3D-457C-B088-3A5042F75D52}") = "Group Project", "Group Project\Group Project.pyproj", "{D5228EE2-C24F-4233-B502-ECF0AA41B63E}"
EndProject
Global
	GlobalSection(SolutionConfigurationPlatforms) = preSolution
		Debug|Any CPU = Debug|Any CPU
		Release|Any CPU = Release|Any CPU
	EndGlobalSection
	GlobalSection(ProjectConfigurationPlatforms) = postSolution
		{D5228EE2-C24F-4233-B502-ECF0AA41B63E}.Debug|Any CPU.ActiveCfg = Debug|Any CPU
		{D5228EE2-C24F-4233-B502-ECF0AA41B63E}.Release|Any CPU.ActiveCfg = Release|Any CPU
	EndGlobalSection
	GlobalSection(SolutionProperties) = preSolution
		HideSolutionNode = FALSE
	EndGlobalSection
	GlobalSection(ExtensibilityGlobals) = postSolution
		SolutionGuid = {911839FE-90BB-4671-80FA-2D9F9E963F0B}
	EndGlobalSection
EndGlobal
