
Microsoft Visual Studio Solution File, Format Version 12.00
# Visual Studio Version 17
VisualStudioVersion = 17.3.32901.215
MinimumVisualStudioVersion = 10.0.40219.1
Project("{888888A0-9F3D-457C-B088-3A5042F75D52}") = "Shapes", "Shapes.pyproj", "{A7AE774F-B16A-4A93-8DCF-D6FE6A824C33}"
EndProject
Global
	GlobalSection(SolutionConfigurationPlatforms) = preSolution
		Debug|Any CPU = Debug|Any CPU
		Release|Any CPU = Release|Any CPU
	EndGlobalSection
	GlobalSection(ProjectConfigurationPlatforms) = postSolution
		{A7AE774F-B16A-4A93-8DCF-D6FE6A824C33}.Debug|Any CPU.ActiveCfg = Debug|Any CPU
		{A7AE774F-B16A-4A93-8DCF-D6FE6A824C33}.Release|Any CPU.ActiveCfg = Release|Any CPU
	EndGlobalSection
	GlobalSection(SolutionProperties) = preSolution
		HideSolutionNode = FALSE
	EndGlobalSection
	GlobalSection(ExtensibilityGlobals) = postSolution
		SolutionGuid = {5B89B3A2-2B06-4981-8F08-9E953C9B6B48}
	EndGlobalSection
EndGlobal
