
Microsoft Visual Studio Solution File, Format Version 12.00
# Visual Studio Version 17
VisualStudioVersion = 17.3.32901.215
MinimumVisualStudioVersion = 10.0.40219.1
Project("{888888A0-9F3D-457C-B088-3A5042F75D52}") = "txt", "txt\txt.pyproj", "{FB37A513-5F9B-476F-9AC0-6F690AE5A9CE}"
EndProject
Global
	GlobalSection(SolutionConfigurationPlatforms) = preSolution
		Debug|Any CPU = Debug|Any CPU
		Release|Any CPU = Release|Any CPU
	EndGlobalSection
	GlobalSection(ProjectConfigurationPlatforms) = postSolution
		{FB37A513-5F9B-476F-9AC0-6F690AE5A9CE}.Debug|Any CPU.ActiveCfg = Debug|Any CPU
		{FB37A513-5F9B-476F-9AC0-6F690AE5A9CE}.Release|Any CPU.ActiveCfg = Release|Any CPU
	EndGlobalSection
	GlobalSection(SolutionProperties) = preSolution
		HideSolutionNode = FALSE
	EndGlobalSection
	GlobalSection(ExtensibilityGlobals) = postSolution
		SolutionGuid = {8323B877-236A-4AAA-B259-938E35C7E1C4}
	EndGlobalSection
EndGlobal
