
Microsoft Visual Studio Solution File, Format Version 12.00
# Visual Studio Version 17
VisualStudioVersion = 17.3.32901.215
MinimumVisualStudioVersion = 10.0.40219.1
Project("{888888A0-9F3D-457C-B088-3A5042F75D52}") = "matplotlib+pandas", "matplotlib+pandas\matplotlib+pandas.pyproj", "{17C35115-1CD0-4C62-9500-18FED70C8A2A}"
EndProject
Global
	GlobalSection(SolutionConfigurationPlatforms) = preSolution
		Debug|Any CPU = Debug|Any CPU
		Release|Any CPU = Release|Any CPU
	EndGlobalSection
	GlobalSection(ProjectConfigurationPlatforms) = postSolution
		{17C35115-1CD0-4C62-9500-18FED70C8A2A}.Debug|Any CPU.ActiveCfg = Debug|Any CPU
		{17C35115-1CD0-4C62-9500-18FED70C8A2A}.Release|Any CPU.ActiveCfg = Release|Any CPU
	EndGlobalSection
	GlobalSection(SolutionProperties) = preSolution
		HideSolutionNode = FALSE
	EndGlobalSection
	GlobalSection(ExtensibilityGlobals) = postSolution
		SolutionGuid = {28E10457-8903-4ED4-8625-52E3ED9BE611}
	EndGlobalSection
EndGlobal
