
Microsoft Visual Studio Solution File, Format Version 12.00
# Visual Studio Version 17
VisualStudioVersion = 17.3.32922.545
MinimumVisualStudioVersion = 10.0.40219.1
Project("{888888A0-9F3D-457C-B088-3A5042F75D52}") = "PythonApplication26", "PythonApplication26\PythonApplication26.pyproj", "{1326AFDC-474E-40AA-94CE-898BD17D9F92}"
EndProject
Global
	GlobalSection(SolutionConfigurationPlatforms) = preSolution
		Debug|Any CPU = Debug|Any CPU
		Release|Any CPU = Release|Any CPU
	EndGlobalSection
	GlobalSection(ProjectConfigurationPlatforms) = postSolution
		{1326AFDC-474E-40AA-94CE-898BD17D9F92}.Debug|Any CPU.ActiveCfg = Debug|Any CPU
		{1326AFDC-474E-40AA-94CE-898BD17D9F92}.Release|Any CPU.ActiveCfg = Release|Any CPU
	EndGlobalSection
	GlobalSection(SolutionProperties) = preSolution
		HideSolutionNode = FALSE
	EndGlobalSection
	GlobalSection(ExtensibilityGlobals) = postSolution
		SolutionGuid = {79195666-9FD0-44D6-B83C-8744724EF336}
	EndGlobalSection
EndGlobal
