
Microsoft Visual Studio Solution File, Format Version 12.00
# Visual Studio Version 17
VisualStudioVersion = 17.3.32901.215
MinimumVisualStudioVersion = 10.0.40219.1
Project("{888888A0-9F3D-457C-B088-3A5042F75D52}") = "challenges", "challenges\challenges.pyproj", "{49CE1149-E432-4192-B145-8E4DB47163F1}"
EndProject
Global
	GlobalSection(SolutionConfigurationPlatforms) = preSolution
		Debug|Any CPU = Debug|Any CPU
		Release|Any CPU = Release|Any CPU
	EndGlobalSection
	GlobalSection(ProjectConfigurationPlatforms) = postSolution
		{49CE1149-E432-4192-B145-8E4DB47163F1}.Debug|Any CPU.ActiveCfg = Debug|Any CPU
		{49CE1149-E432-4192-B145-8E4DB47163F1}.Release|Any CPU.ActiveCfg = Release|Any CPU
	EndGlobalSection
	GlobalSection(SolutionProperties) = preSolution
		HideSolutionNode = FALSE
	EndGlobalSection
	GlobalSection(ExtensibilityGlobals) = postSolution
		SolutionGuid = {0352D7C8-2630-41D0-B949-91278E53EF54}
	EndGlobalSection
EndGlobal
