
Microsoft Visual Studio Solution File, Format Version 12.00
# Visual Studio Version 17
VisualStudioVersion = 17.3.32922.545
MinimumVisualStudioVersion = 10.0.40219.1
Project("{888888A0-9F3D-457C-B088-3A5042F75D52}") = "PythonApplication21", "PythonApplication21\PythonApplication21.pyproj", "{F3481488-CE40-4BAC-890D-8B0B991A32FD}"
EndProject
Global
	GlobalSection(SolutionConfigurationPlatforms) = preSolution
		Debug|Any CPU = Debug|Any CPU
		Release|Any CPU = Release|Any CPU
	EndGlobalSection
	GlobalSection(ProjectConfigurationPlatforms) = postSolution
		{F3481488-CE40-4BAC-890D-8B0B991A32FD}.Debug|Any CPU.ActiveCfg = Debug|Any CPU
		{F3481488-CE40-4BAC-890D-8B0B991A32FD}.Release|Any CPU.ActiveCfg = Release|Any CPU
	EndGlobalSection
	GlobalSection(SolutionProperties) = preSolution
		HideSolutionNode = FALSE
	EndGlobalSection
	GlobalSection(ExtensibilityGlobals) = postSolution
		SolutionGuid = {8DCA23E3-CC66-403B-8E26-76A5BD93C114}
	EndGlobalSection
EndGlobal
