
Microsoft Visual Studio Solution File, Format Version 12.00
# Visual Studio Version 17
VisualStudioVersion = 17.3.32901.215
MinimumVisualStudioVersion = 10.0.40219.1
Project("{888888A0-9F3D-457C-B088-3A5042F75D52}") = "PythonApplication19", "PythonApplication19\PythonApplication19.pyproj", "{B10A52E4-5C6F-440F-8C00-816FAF23EDB8}"
EndProject
Global
	GlobalSection(SolutionConfigurationPlatforms) = preSolution
		Debug|Any CPU = Debug|Any CPU
		Release|Any CPU = Release|Any CPU
	EndGlobalSection
	GlobalSection(ProjectConfigurationPlatforms) = postSolution
		{B10A52E4-5C6F-440F-8C00-816FAF23EDB8}.Debug|Any CPU.ActiveCfg = Debug|Any CPU
		{B10A52E4-5C6F-440F-8C00-816FAF23EDB8}.Release|Any CPU.ActiveCfg = Release|Any CPU
	EndGlobalSection
	GlobalSection(SolutionProperties) = preSolution
		HideSolutionNode = FALSE
	EndGlobalSection
	GlobalSection(ExtensibilityGlobals) = postSolution
		SolutionGuid = {647A116D-AC9C-4EB5-AC84-C890FFC8E86F}
	EndGlobalSection
EndGlobal
