
Microsoft Visual Studio Solution File, Format Version 12.00
# Visual Studio Version 17
VisualStudioVersion = 17.3.32922.545
MinimumVisualStudioVersion = 10.0.40219.1
Project("{888888A0-9F3D-457C-B088-3A5042F75D52}") = "PythonApplication22", "PythonApplication22\PythonApplication22.pyproj", "{120B9B20-97B0-4592-B111-67AFCC1EE07B}"
EndProject
Global
	GlobalSection(SolutionConfigurationPlatforms) = preSolution
		Debug|Any CPU = Debug|Any CPU
		Release|Any CPU = Release|Any CPU
	EndGlobalSection
	GlobalSection(ProjectConfigurationPlatforms) = postSolution
		{120B9B20-97B0-4592-B111-67AFCC1EE07B}.Debug|Any CPU.ActiveCfg = Debug|Any CPU
		{120B9B20-97B0-4592-B111-67AFCC1EE07B}.Release|Any CPU.ActiveCfg = Release|Any CPU
	EndGlobalSection
	GlobalSection(SolutionProperties) = preSolution
		HideSolutionNode = FALSE
	EndGlobalSection
	GlobalSection(ExtensibilityGlobals) = postSolution
		SolutionGuid = {6DB9DCAF-C0BD-4176-81C2-D43F20BA4FC5}
	EndGlobalSection
EndGlobal
