
Microsoft Visual Studio Solution File, Format Version 12.00
# Visual Studio Version 17
VisualStudioVersion = 17.3.32922.545
MinimumVisualStudioVersion = 10.0.40219.1
Project("{888888A0-9F3D-457C-B088-3A5042F75D52}") = "builtin", "builtin\builtin.pyproj", "{A5139DC2-0FBD-42E2-BDA1-AC5817E7252D}"
EndProject
Global
	GlobalSection(SolutionConfigurationPlatforms) = preSolution
		Debug|Any CPU = Debug|Any CPU
		Release|Any CPU = Release|Any CPU
	EndGlobalSection
	GlobalSection(ProjectConfigurationPlatforms) = postSolution
		{A5139DC2-0FBD-42E2-BDA1-AC5817E7252D}.Debug|Any CPU.ActiveCfg = Debug|Any CPU
		{A5139DC2-0FBD-42E2-BDA1-AC5817E7252D}.Release|Any CPU.ActiveCfg = Release|Any CPU
	EndGlobalSection
	GlobalSection(SolutionProperties) = preSolution
		HideSolutionNode = FALSE
	EndGlobalSection
	GlobalSection(ExtensibilityGlobals) = postSolution
		SolutionGuid = {1ADCF0F5-4407-4126-892B-F7EE8B7B5120}
	EndGlobalSection
EndGlobal
