
Microsoft Visual Studio Solution File, Format Version 12.00
# Visual Studio Version 17
VisualStudioVersion = 17.3.32929.385
MinimumVisualStudioVersion = 10.0.40219.1
Project("{888888A0-9F3D-457C-B088-3A5042F75D52}") = "Main", "Main\Main.pyproj", "{46C84D68-4DA1-4DB8-B124-694FEE9F1C8A}"
EndProject
Global
	GlobalSection(SolutionConfigurationPlatforms) = preSolution
		Debug|Any CPU = Debug|Any CPU
		Release|Any CPU = Release|Any CPU
	EndGlobalSection
	GlobalSection(ProjectConfigurationPlatforms) = postSolution
		{46C84D68-4DA1-4DB8-B124-694FEE9F1C8A}.Debug|Any CPU.ActiveCfg = Debug|Any CPU
		{46C84D68-4DA1-4DB8-B124-694FEE9F1C8A}.Release|Any CPU.ActiveCfg = Release|Any CPU
	EndGlobalSection
	GlobalSection(SolutionProperties) = preSolution
		HideSolutionNode = FALSE
	EndGlobalSection
	GlobalSection(ExtensibilityGlobals) = postSolution
		SolutionGuid = {0DC616BA-94E9-4E39-A1C6-423C9D7B3BFF}
	EndGlobalSection
EndGlobal
