
Microsoft Visual Studio Solution File, Format Version 12.00
# Visual Studio Version 17
VisualStudioVersion = 17.3.32901.215
MinimumVisualStudioVersion = 10.0.40219.1
Project("{888888A0-9F3D-457C-B088-3A5042F75D52}") = "PythonApplication11", "PythonApplication11\PythonApplication11.pyproj", "{C141EB42-AE26-403D-9370-2697D40D91C7}"
EndProject
Global
	GlobalSection(SolutionConfigurationPlatforms) = preSolution
		Debug|Any CPU = Debug|Any CPU
		Release|Any CPU = Release|Any CPU
	EndGlobalSection
	GlobalSection(ProjectConfigurationPlatforms) = postSolution
		{C141EB42-AE26-403D-9370-2697D40D91C7}.Debug|Any CPU.ActiveCfg = Debug|Any CPU
		{C141EB42-AE26-403D-9370-2697D40D91C7}.Release|Any CPU.ActiveCfg = Release|Any CPU
	EndGlobalSection
	GlobalSection(SolutionProperties) = preSolution
		HideSolutionNode = FALSE
	EndGlobalSection
	GlobalSection(ExtensibilityGlobals) = postSolution
		SolutionGuid = {89C64C02-F960-4CF7-8B0A-629E77CEB5FB}
	EndGlobalSection
EndGlobal
