
Microsoft Visual Studio Solution File, Format Version 12.00
# Visual Studio Version 17
VisualStudioVersion = 17.3.32901.215
MinimumVisualStudioVersion = 10.0.40219.1
Project("{888888A0-9F3D-457C-B088-3A5042F75D52}") = "c++ to python", "c++ to python.pyproj", "{994224EA-5B76-4A53-A99E-93A0D1F07FA1}"
EndProject
Global
	GlobalSection(SolutionConfigurationPlatforms) = preSolution
		Debug|Any CPU = Debug|Any CPU
		Release|Any CPU = Release|Any CPU
	EndGlobalSection
	GlobalSection(ProjectConfigurationPlatforms) = postSolution
		{994224EA-5B76-4A53-A99E-93A0D1F07FA1}.Debug|Any CPU.ActiveCfg = Debug|Any CPU
		{994224EA-5B76-4A53-A99E-93A0D1F07FA1}.Release|Any CPU.ActiveCfg = Release|Any CPU
	EndGlobalSection
	GlobalSection(SolutionProperties) = preSolution
		HideSolutionNode = FALSE
	EndGlobalSection
	GlobalSection(ExtensibilityGlobals) = postSolution
		SolutionGuid = {F4C8621C-6612-42A4-B494-276AD54ECE4B}
	EndGlobalSection
EndGlobal
