
Microsoft Visual Studio Solution File, Format Version 12.00
# Visual Studio Version 17
VisualStudioVersion = 17.3.32922.545
MinimumVisualStudioVersion = 10.0.40219.1
Project("{888888A0-9F3D-457C-B088-3A5042F75D52}") = "learning", "learning\learning.pyproj", "{577A1018-15A7-4368-A3B2-72193C02B703}"
EndProject
Global
	GlobalSection(SolutionConfigurationPlatforms) = preSolution
		Debug|Any CPU = Debug|Any CPU
		Release|Any CPU = Release|Any CPU
	EndGlobalSection
	GlobalSection(ProjectConfigurationPlatforms) = postSolution
		{577A1018-15A7-4368-A3B2-72193C02B703}.Debug|Any CPU.ActiveCfg = Debug|Any CPU
		{577A1018-15A7-4368-A3B2-72193C02B703}.Release|Any CPU.ActiveCfg = Release|Any CPU
	EndGlobalSection
	GlobalSection(SolutionProperties) = preSolution
		HideSolutionNode = FALSE
	EndGlobalSection
	GlobalSection(ExtensibilityGlobals) = postSolution
		SolutionGuid = {56076F1D-6295-4F1C-AE8D-CDB29BE77C3B}
	EndGlobalSection
EndGlobal
